// !$*UTF8*$!
{
	archiveVersion = 1;
	classes = {
	};
	objectVersion = 48;
	objects = {

/* Begin PBXBuildFile section */
		220329092066F20900FFD9E2 /* Data.swift in Sources */ = {isa = PBXBuildFile; fileRef = 220329082066F20900FFD9E2 /* Data.swift */; };
		220AE86120ED48C200F6E9AA /* Months.swift in Sources */ = {isa = PBXBuildFile; fileRef = 220AE86020ED48C200F6E9AA /* Months.swift */; };
		2213CDCA21766326003C695F /* NSView.swift in Sources */ = {isa = PBXBuildFile; fileRef = 2213CDC921766326003C695F /* NSView.swift */; };
		221C62A8203B57F7009493DA /* URL.swift in Sources */ = {isa = PBXBuildFile; fileRef = 221C62A7203B57F7009493DA /* URL.swift */; };
		2222B13A20D85BD700ECCB5D /* ApplicationType.swift in Sources */ = {isa = PBXBuildFile; fileRef = 2222B13920D85BD700ECCB5D /* ApplicationType.swift */; };
		222694C020699B10007DA6FA /* Record.swift in Sources */ = {isa = PBXBuildFile; fileRef = 222694BF20699B10007DA6FA /* Record.swift */; };
		22290C092028F9EC000E0573 /* AppDelegate.swift in Sources */ = {isa = PBXBuildFile; fileRef = 22290C082028F9EC000E0573 /* AppDelegate.swift */; };
		22290C0D2028F9EC000E0573 /* Assets.xcassets in Resources */ = {isa = PBXBuildFile; fileRef = 22290C0C2028F9EC000E0573 /* Assets.xcassets */; };
		22290C102028F9EC000E0573 /* Main.storyboard in Resources */ = {isa = PBXBuildFile; fileRef = 22290C0E2028F9EC000E0573 /* Main.storyboard */; };
		22290C2E2028FA1F000E0573 /* Style.swift in Sources */ = {isa = PBXBuildFile; fileRef = 22290C222028FA1E000E0573 /* Style.swift */; };
		22290C382028FA35000E0573 /* MapKit.swift in Sources */ = {isa = PBXBuildFile; fileRef = 22290C332028FA34000E0573 /* MapKit.swift */; };
		22290C392028FA35000E0573 /* CoreGraphics.swift in Sources */ = {isa = PBXBuildFile; fileRef = 22290C342028FA34000E0573 /* CoreGraphics.swift */; };
		22290C3A2028FA35000E0573 /* Int.swift in Sources */ = {isa = PBXBuildFile; fileRef = 22290C352028FA34000E0573 /* Int.swift */; };
		22290C3B2028FA35000E0573 /* PacketType.swift in Sources */ = {isa = PBXBuildFile; fileRef = 22290C362028FA34000E0573 /* PacketType.swift */; };
		22290C3C2028FA35000E0573 /* NetworkConfiguration.swift in Sources */ = {isa = PBXBuildFile; fileRef = 22290C372028FA34000E0573 /* NetworkConfiguration.swift */; };
		225C92B92130CC6D00D629EE /* ImageView.swift in Sources */ = {isa = PBXBuildFile; fileRef = 225C92B82130CC6D00D629EE /* ImageView.swift */; };
		22667A28214088EF00F15A04 /* DispatchTimer.swift in Sources */ = {isa = PBXBuildFile; fileRef = 22667A27214088EF00F15A04 /* DispatchTimer.swift */; };
		226A451A214F1FA300860F0E /* RecordType.swift in Sources */ = {isa = PBXBuildFile; fileRef = 226A4519214F1FA300860F0E /* RecordType.swift */; };
		226A451C214F23B500860F0E /* RecordManager.swift in Sources */ = {isa = PBXBuildFile; fileRef = 226A451B214F23B500860F0E /* RecordManager.swift */; };
		226A4524214F342200860F0E /* TouchScreen.swift in Sources */ = {isa = PBXBuildFile; fileRef = 226A4523214F342200860F0E /* TouchScreen.swift */; };
		2276AE68204E75C2001FAD8B /* BorderlessWindow.swift in Sources */ = {isa = PBXBuildFile; fileRef = 2276AE67204E75C2001FAD8B /* BorderlessWindow.swift */; };
		2290A03520E2E4BE00F028C4 /* FlippedCollectionView.swift in Sources */ = {isa = PBXBuildFile; fileRef = 2290A03420E2E4BE00F028C4 /* FlippedCollectionView.swift */; };
		2290A04620E4439C00F028C4 /* NSColor.swift in Sources */ = {isa = PBXBuildFile; fileRef = 2290A04520E4439C00F028C4 /* NSColor.swift */; };
		22A49873204749700024B46C /* JSON.swift in Sources */ = {isa = PBXBuildFile; fileRef = 22A49872204749700024B46C /* JSON.swift */; };
		22A9C5FB219B489A00A2C524 /* BaseViewController.swift in Sources */ = {isa = PBXBuildFile; fileRef = 22A9C5FA219B489A00A2C524 /* BaseViewController.swift */; };
		22A9C5FE219B48C500A2C524 /* Record.storyboard in Resources */ = {isa = PBXBuildFile; fileRef = 22A9C5FD219B48C500A2C524 /* Record.storyboard */; };
		22A9C600219B4AC300A2C524 /* WindowManager.swift in Sources */ = {isa = PBXBuildFile; fileRef = 22A9C5FF219B4AC300A2C524 /* WindowManager.swift */; };
		22A9C602219B4B0200A2C524 /* WindowType.swift in Sources */ = {isa = PBXBuildFile; fileRef = 22A9C601219B4B0200A2C524 /* WindowType.swift */; };
		22A9C604219B4BDB00A2C524 /* WindowFactory.swift in Sources */ = {isa = PBXBuildFile; fileRef = 22A9C603219B4BDB00A2C524 /* WindowFactory.swift */; };
		22A9C606219B4CE100A2C524 /* RelationshipHelper.swift in Sources */ = {isa = PBXBuildFile; fileRef = 22A9C605219B4CE100A2C524 /* RelationshipHelper.swift */; };
		22A9C608219B4D1900A2C524 /* RecordViewController.swift in Sources */ = {isa = PBXBuildFile; fileRef = 22A9C607219B4D1900A2C524 /* RecordViewController.swift */; };
		22A9C60F219B4E6300A2C524 /* InfoCollectionItemView.swift in Sources */ = {isa = PBXBuildFile; fileRef = 22A9C60C219B4DB400A2C524 /* InfoCollectionItemView.swift */; };
		22A9C610219B4E6900A2C524 /* InfoCollectionItemView.xib in Resources */ = {isa = PBXBuildFile; fileRef = 22A9C60E219B4DB400A2C524 /* InfoCollectionItemView.xib */; };
		22A9C611219B4E6B00A2C524 /* RecordCollectionItemView.swift in Sources */ = {isa = PBXBuildFile; fileRef = 22A9C60B219B4DB400A2C524 /* RecordCollectionItemView.swift */; };
		22A9C612219B4E6E00A2C524 /* RecordCollectionItemView.xib in Resources */ = {isa = PBXBuildFile; fileRef = 22A9C60D219B4DB400A2C524 /* RecordCollectionItemView.xib */; };
		22A9C614219B4F5600A2C524 /* FadingScrollView.swift in Sources */ = {isa = PBXBuildFile; fileRef = 22A9C613219B4F5600A2C524 /* FadingScrollView.swift */; };
		22A9C616219B52B200A2C524 /* NSImage.swift in Sources */ = {isa = PBXBuildFile; fileRef = 22A9C615219B52B200A2C524 /* NSImage.swift */; };
		22A9C618219B58DA00A2C524 /* cities.json in Resources */ = {isa = PBXBuildFile; fileRef = 22A9C617219B58DA00A2C524 /* cities.json */; };
		22A9C61A219B5BCC00A2C524 /* City.swift in Sources */ = {isa = PBXBuildFile; fileRef = 22A9C619219B5BCC00A2C524 /* City.swift */; };
		22A9C61C219B640E00A2C524 /* TouchManager.swift in Sources */ = {isa = PBXBuildFile; fileRef = 22A9C61B219B640E00A2C524 /* TouchManager.swift */; };
		22A9C639219B87EF00A2C524 /* Timeline.storyboard in Resources */ = {isa = PBXBuildFile; fileRef = 22A9C620219B87EE00A2C524 /* Timeline.storyboard */; };
		22A9C63A219B87EF00A2C524 /* TimelineControlLayout.swift in Sources */ = {isa = PBXBuildFile; fileRef = 22A9C622219B87EE00A2C524 /* TimelineControlLayout.swift */; };
		22A9C63B219B87EF00A2C524 /* TimelineDecadeFlagLayout.swift in Sources */ = {isa = PBXBuildFile; fileRef = 22A9C623219B87EE00A2C524 /* TimelineDecadeFlagLayout.swift */; };
		22A9C63C219B87EF00A2C524 /* TimelineDataSource.swift in Sources */ = {isa = PBXBuildFile; fileRef = 22A9C625219B87EE00A2C524 /* TimelineDataSource.swift */; };
		22A9C63D219B87EF00A2C524 /* TimelineControlsDataSource.swift in Sources */ = {isa = PBXBuildFile; fileRef = 22A9C626219B87EE00A2C524 /* TimelineControlsDataSource.swift */; };
		22A9C63E219B87EF00A2C524 /* TimelineFlagView.swift in Sources */ = {isa = PBXBuildFile; fileRef = 22A9C628219B87EE00A2C524 /* TimelineFlagView.swift */; };
		22A9C63F219B87EF00A2C524 /* TimelineItemView.xib in Resources */ = {isa = PBXBuildFile; fileRef = 22A9C629219B87EE00A2C524 /* TimelineItemView.xib */; };
		22A9C640219B87EF00A2C524 /* TimelineHeaderView.swift in Sources */ = {isa = PBXBuildFile; fileRef = 22A9C62A219B87EE00A2C524 /* TimelineHeaderView.swift */; };
		22A9C641219B87EF00A2C524 /* TimelineControlItemView.swift in Sources */ = {isa = PBXBuildFile; fileRef = 22A9C62B219B87EE00A2C524 /* TimelineControlItemView.swift */; };
		22A9C642219B87EF00A2C524 /* TimelineBorderView.swift in Sources */ = {isa = PBXBuildFile; fileRef = 22A9C62C219B87EE00A2C524 /* TimelineBorderView.swift */; };
		22A9C643219B87EF00A2C524 /* TimelineItemView.swift in Sources */ = {isa = PBXBuildFile; fileRef = 22A9C62D219B87EE00A2C524 /* TimelineItemView.swift */; };
		22A9C644219B87EF00A2C524 /* TimelineHeaderView.xib in Resources */ = {isa = PBXBuildFile; fileRef = 22A9C62E219B87EE00A2C524 /* TimelineHeaderView.xib */; };
		22A9C645219B87EF00A2C524 /* TimelineBorderView.xib in Resources */ = {isa = PBXBuildFile; fileRef = 22A9C62F219B87EE00A2C524 /* TimelineBorderView.xib */; };
		22A9C646219B87EF00A2C524 /* TimelineControlItemView.xib in Resources */ = {isa = PBXBuildFile; fileRef = 22A9C630219B87EE00A2C524 /* TimelineControlItemView.xib */; };
		22A9C647219B87EF00A2C524 /* TimelineTailView.xib in Resources */ = {isa = PBXBuildFile; fileRef = 22A9C631219B87EE00A2C524 /* TimelineTailView.xib */; };
		22A9C648219B87EF00A2C524 /* TimelineFlagView.xib in Resources */ = {isa = PBXBuildFile; fileRef = 22A9C632219B87EE00A2C524 /* TimelineFlagView.xib */; };
		22A9C649219B87EF00A2C524 /* TimelineTailView.swift in Sources */ = {isa = PBXBuildFile; fileRef = 22A9C633219B87EE00A2C524 /* TimelineTailView.swift */; };
		22A9C64A219B87EF00A2C524 /* TimelineViewController.swift in Sources */ = {isa = PBXBuildFile; fileRef = 22A9C634219B87EE00A2C524 /* TimelineViewController.swift */; };
		22A9C64B219B87EF00A2C524 /* TimelineEvent.swift in Sources */ = {isa = PBXBuildFile; fileRef = 22A9C636219B87EF00A2C524 /* TimelineEvent.swift */; };
		22A9C64C219B87EF00A2C524 /* TailDiagram.swift in Sources */ = {isa = PBXBuildFile; fileRef = 22A9C637219B87EF00A2C524 /* TailDiagram.swift */; };
		22A9C64F219B89F500A2C524 /* SelectionManager.swift in Sources */ = {isa = PBXBuildFile; fileRef = 22A9C64E219B89F500A2C524 /* SelectionManager.swift */; };
		22A9C651219B8FA800A2C524 /* CustomScrollView.swift in Sources */ = {isa = PBXBuildFile; fileRef = 22A9C650219B8FA800A2C524 /* CustomScrollView.swift */; };
		22B1E2AA2045F2EE00BDDF14 /* AVKit.swift in Sources */ = {isa = PBXBuildFile; fileRef = 22B1E2A92045F2EE00BDDF14 /* AVKit.swift */; };
		22C00ABB21010CB5004020F0 /* TimelineDateTests.swift in Sources */ = {isa = PBXBuildFile; fileRef = 22C00ABA21010CB5004020F0 /* TimelineDateTests.swift */; };
		22D6F91E20B6836900C7FB5F /* NSApplication.swift in Sources */ = {isa = PBXBuildFile; fileRef = 22D6F91D20B6836800C7FB5F /* NSApplication.swift */; };
		22F3EBA8215313CB00FCFF6B /* Animations.swift in Sources */ = {isa = PBXBuildFile; fileRef = 22F3EBA7215313CB00FCFF6B /* Animations.swift */; };
		22F5C003216D17C700169387 /* MacGestures.swift in Sources */ = {isa = PBXBuildFile; fileRef = 22F5C002216D17C700169387 /* MacGestures.swift */; };
		3F2FAB5D204F7D9E002EDF5D /* Collection.swift in Sources */ = {isa = PBXBuildFile; fileRef = 3F2FAB5C204F7D9E002EDF5D /* Collection.swift */; };
		69F8459B2D7EBA05D5054E24 /* Pods_TimelineExplorer.framework in Frameworks */ = {isa = PBXBuildFile; fileRef = 7FCD4BC304E6BE947ABB8966 /* Pods_TimelineExplorer.framework */; };
		8F22945620773EA600731E78 /* Math.swift in Sources */ = {isa = PBXBuildFile; fileRef = 8F22945520773EA600731E78 /* Math.swift */; };
		8FB48D6D2128E1D7009980B1 /* MapAnimationType.swift in Sources */ = {isa = PBXBuildFile; fileRef = 8FB48D6C2128E1D7009980B1 /* MapAnimationType.swift */; };
		A44A56EE2135F35200F73D55 /* TimelineSelection.swift in Sources */ = {isa = PBXBuildFile; fileRef = A44A56ED2135F35200F73D55 /* TimelineSelection.swift */; };
		A44E14F6211A392B00105F58 /* NSCollectionView.swift in Sources */ = {isa = PBXBuildFile; fileRef = A44E14F5211A392B00105F58 /* NSCollectionView.swift */; };
		A44F1B6120FE8232005FEFD1 /* String.swift in Sources */ = {isa = PBXBuildFile; fileRef = A44F1B6020FE8232005FEFD1 /* String.swift */; };
		A44F1B6520FEAF8B005FEFD1 /* RecordDate.swift in Sources */ = {isa = PBXBuildFile; fileRef = A44F1B6420FEAF8B005FEFD1 /* RecordDate.swift */; };
		A4A8761A210015F200113F95 /* DateRange.swift in Sources */ = {isa = PBXBuildFile; fileRef = A4A87619210015F200113F95 /* DateRange.swift */; };
/* End PBXBuildFile section */

/* Begin PBXContainerItemProxy section */
		22C00ABD21010CB5004020F0 /* PBXContainerItemProxy */ = {
			isa = PBXContainerItemProxy;
			containerPortal = 22290BFD2028F9EC000E0573 /* Project object */;
			proxyType = 1;
			remoteGlobalIDString = 22290C042028F9EC000E0573;
			remoteInfo = "MapExplorer-macOS";
		};
/* End PBXContainerItemProxy section */

/* Begin PBXFileReference section */
		0457AC7458D91763AF1BEE6E /* Pods_MapExplorer.framework */ = {isa = PBXFileReference; explicitFileType = wrapper.framework; includeInIndex = 0; path = Pods_MapExplorer.framework; sourceTree = BUILT_PRODUCTS_DIR; };
		220329082066F20900FFD9E2 /* Data.swift */ = {isa = PBXFileReference; lastKnownFileType = sourcecode.swift; path = Data.swift; sourceTree = "<group>"; };
		220AE86020ED48C200F6E9AA /* Months.swift */ = {isa = PBXFileReference; lastKnownFileType = sourcecode.swift; path = Months.swift; sourceTree = "<group>"; };
		2213CDC921766326003C695F /* NSView.swift */ = {isa = PBXFileReference; lastKnownFileType = sourcecode.swift; path = NSView.swift; sourceTree = "<group>"; };
		221C62A7203B57F7009493DA /* URL.swift */ = {isa = PBXFileReference; lastKnownFileType = sourcecode.swift; path = URL.swift; sourceTree = "<group>"; };
		2222B13920D85BD700ECCB5D /* ApplicationType.swift */ = {isa = PBXFileReference; lastKnownFileType = sourcecode.swift; path = ApplicationType.swift; sourceTree = "<group>"; };
		222694BF20699B10007DA6FA /* Record.swift */ = {isa = PBXFileReference; lastKnownFileType = sourcecode.swift; path = Record.swift; sourceTree = "<group>"; };
		22290C052028F9EC000E0573 /* TimelineExplorer.app */ = {isa = PBXFileReference; explicitFileType = wrapper.application; includeInIndex = 0; path = TimelineExplorer.app; sourceTree = BUILT_PRODUCTS_DIR; };
		22290C082028F9EC000E0573 /* AppDelegate.swift */ = {isa = PBXFileReference; lastKnownFileType = sourcecode.swift; path = AppDelegate.swift; sourceTree = "<group>"; };
		22290C0C2028F9EC000E0573 /* Assets.xcassets */ = {isa = PBXFileReference; lastKnownFileType = folder.assetcatalog; path = Assets.xcassets; sourceTree = "<group>"; };
		22290C0F2028F9EC000E0573 /* Base */ = {isa = PBXFileReference; lastKnownFileType = file.storyboard; name = Base; path = Base.lproj/Main.storyboard; sourceTree = "<group>"; };
		22290C112028F9EC000E0573 /* Info.plist */ = {isa = PBXFileReference; lastKnownFileType = text.plist.xml; path = Info.plist; sourceTree = "<group>"; };
		22290C122028F9EC000E0573 /* TimelineExplorer.entitlements */ = {isa = PBXFileReference; lastKnownFileType = text.plist.entitlements; path = TimelineExplorer.entitlements; sourceTree = "<group>"; };
		22290C222028FA1E000E0573 /* Style.swift */ = {isa = PBXFileReference; fileEncoding = 4; lastKnownFileType = sourcecode.swift; path = Style.swift; sourceTree = "<group>"; };
		22290C332028FA34000E0573 /* MapKit.swift */ = {isa = PBXFileReference; fileEncoding = 4; lastKnownFileType = sourcecode.swift; path = MapKit.swift; sourceTree = "<group>"; };
		22290C342028FA34000E0573 /* CoreGraphics.swift */ = {isa = PBXFileReference; fileEncoding = 4; lastKnownFileType = sourcecode.swift; path = CoreGraphics.swift; sourceTree = "<group>"; };
		22290C352028FA34000E0573 /* Int.swift */ = {isa = PBXFileReference; fileEncoding = 4; lastKnownFileType = sourcecode.swift; path = Int.swift; sourceTree = "<group>"; };
		22290C362028FA34000E0573 /* PacketType.swift */ = {isa = PBXFileReference; fileEncoding = 4; lastKnownFileType = sourcecode.swift; path = PacketType.swift; sourceTree = "<group>"; };
		22290C372028FA34000E0573 /* NetworkConfiguration.swift */ = {isa = PBXFileReference; fileEncoding = 4; lastKnownFileType = sourcecode.swift; path = NetworkConfiguration.swift; sourceTree = "<group>"; };
		225C92B82130CC6D00D629EE /* ImageView.swift */ = {isa = PBXFileReference; lastKnownFileType = sourcecode.swift; path = ImageView.swift; sourceTree = "<group>"; };
		22667A27214088EF00F15A04 /* DispatchTimer.swift */ = {isa = PBXFileReference; lastKnownFileType = sourcecode.swift; path = DispatchTimer.swift; sourceTree = "<group>"; };
		226A4519214F1FA300860F0E /* RecordType.swift */ = {isa = PBXFileReference; lastKnownFileType = sourcecode.swift; path = RecordType.swift; sourceTree = "<group>"; };
		226A451B214F23B500860F0E /* RecordManager.swift */ = {isa = PBXFileReference; lastKnownFileType = sourcecode.swift; path = RecordManager.swift; sourceTree = "<group>"; };
		226A4523214F342200860F0E /* TouchScreen.swift */ = {isa = PBXFileReference; lastKnownFileType = sourcecode.swift; path = TouchScreen.swift; sourceTree = "<group>"; };
		2276AE67204E75C2001FAD8B /* BorderlessWindow.swift */ = {isa = PBXFileReference; lastKnownFileType = sourcecode.swift; path = BorderlessWindow.swift; sourceTree = "<group>"; };
		2290A03420E2E4BE00F028C4 /* FlippedCollectionView.swift */ = {isa = PBXFileReference; lastKnownFileType = sourcecode.swift; path = FlippedCollectionView.swift; sourceTree = "<group>"; };
		2290A04520E4439C00F028C4 /* NSColor.swift */ = {isa = PBXFileReference; lastKnownFileType = sourcecode.swift; path = NSColor.swift; sourceTree = "<group>"; };
		22A49872204749700024B46C /* JSON.swift */ = {isa = PBXFileReference; lastKnownFileType = sourcecode.swift; path = JSON.swift; sourceTree = "<group>"; };
		22A9C5FA219B489A00A2C524 /* BaseViewController.swift */ = {isa = PBXFileReference; lastKnownFileType = sourcecode.swift; path = BaseViewController.swift; sourceTree = "<group>"; };
		22A9C5FD219B48C500A2C524 /* Record.storyboard */ = {isa = PBXFileReference; lastKnownFileType = file.storyboard; path = Record.storyboard; sourceTree = "<group>"; };
		22A9C5FF219B4AC300A2C524 /* WindowManager.swift */ = {isa = PBXFileReference; lastKnownFileType = sourcecode.swift; path = WindowManager.swift; sourceTree = "<group>"; };
		22A9C601219B4B0200A2C524 /* WindowType.swift */ = {isa = PBXFileReference; lastKnownFileType = sourcecode.swift; path = WindowType.swift; sourceTree = "<group>"; };
		22A9C603219B4BDB00A2C524 /* WindowFactory.swift */ = {isa = PBXFileReference; lastKnownFileType = sourcecode.swift; path = WindowFactory.swift; sourceTree = "<group>"; };
		22A9C605219B4CE100A2C524 /* RelationshipHelper.swift */ = {isa = PBXFileReference; lastKnownFileType = sourcecode.swift; path = RelationshipHelper.swift; sourceTree = "<group>"; };
		22A9C607219B4D1900A2C524 /* RecordViewController.swift */ = {isa = PBXFileReference; lastKnownFileType = sourcecode.swift; path = RecordViewController.swift; sourceTree = "<group>"; };
		22A9C60B219B4DB400A2C524 /* RecordCollectionItemView.swift */ = {isa = PBXFileReference; lastKnownFileType = sourcecode.swift; path = RecordCollectionItemView.swift; sourceTree = "<group>"; };
		22A9C60C219B4DB400A2C524 /* InfoCollectionItemView.swift */ = {isa = PBXFileReference; lastKnownFileType = sourcecode.swift; path = InfoCollectionItemView.swift; sourceTree = "<group>"; };
		22A9C60D219B4DB400A2C524 /* RecordCollectionItemView.xib */ = {isa = PBXFileReference; lastKnownFileType = file.xib; path = RecordCollectionItemView.xib; sourceTree = "<group>"; };
		22A9C60E219B4DB400A2C524 /* InfoCollectionItemView.xib */ = {isa = PBXFileReference; lastKnownFileType = file.xib; path = InfoCollectionItemView.xib; sourceTree = "<group>"; };
		22A9C613219B4F5600A2C524 /* FadingScrollView.swift */ = {isa = PBXFileReference; lastKnownFileType = sourcecode.swift; path = FadingScrollView.swift; sourceTree = "<group>"; };
		22A9C615219B52B200A2C524 /* NSImage.swift */ = {isa = PBXFileReference; lastKnownFileType = sourcecode.swift; path = NSImage.swift; sourceTree = "<group>"; };
		22A9C617219B58DA00A2C524 /* cities.json */ = {isa = PBXFileReference; fileEncoding = 4; lastKnownFileType = text.json; path = cities.json; sourceTree = "<group>"; };
		22A9C619219B5BCC00A2C524 /* City.swift */ = {isa = PBXFileReference; lastKnownFileType = sourcecode.swift; path = City.swift; sourceTree = "<group>"; };
		22A9C61B219B640E00A2C524 /* TouchManager.swift */ = {isa = PBXFileReference; lastKnownFileType = sourcecode.swift; path = TouchManager.swift; sourceTree = "<group>"; };
		22A9C620219B87EE00A2C524 /* Timeline.storyboard */ = {isa = PBXFileReference; fileEncoding = 4; lastKnownFileType = file.storyboard; path = Timeline.storyboard; sourceTree = "<group>"; };
		22A9C622219B87EE00A2C524 /* TimelineControlLayout.swift */ = {isa = PBXFileReference; fileEncoding = 4; lastKnownFileType = sourcecode.swift; path = TimelineControlLayout.swift; sourceTree = "<group>"; };
		22A9C623219B87EE00A2C524 /* TimelineDecadeFlagLayout.swift */ = {isa = PBXFileReference; fileEncoding = 4; lastKnownFileType = sourcecode.swift; path = TimelineDecadeFlagLayout.swift; sourceTree = "<group>"; };
		22A9C625219B87EE00A2C524 /* TimelineDataSource.swift */ = {isa = PBXFileReference; fileEncoding = 4; lastKnownFileType = sourcecode.swift; path = TimelineDataSource.swift; sourceTree = "<group>"; };
		22A9C626219B87EE00A2C524 /* TimelineControlsDataSource.swift */ = {isa = PBXFileReference; fileEncoding = 4; lastKnownFileType = sourcecode.swift; path = TimelineControlsDataSource.swift; sourceTree = "<group>"; };
		22A9C628219B87EE00A2C524 /* TimelineFlagView.swift */ = {isa = PBXFileReference; fileEncoding = 4; lastKnownFileType = sourcecode.swift; path = TimelineFlagView.swift; sourceTree = "<group>"; };
		22A9C629219B87EE00A2C524 /* TimelineItemView.xib */ = {isa = PBXFileReference; fileEncoding = 4; lastKnownFileType = file.xib; path = TimelineItemView.xib; sourceTree = "<group>"; };
		22A9C62A219B87EE00A2C524 /* TimelineHeaderView.swift */ = {isa = PBXFileReference; fileEncoding = 4; lastKnownFileType = sourcecode.swift; path = TimelineHeaderView.swift; sourceTree = "<group>"; };
		22A9C62B219B87EE00A2C524 /* TimelineControlItemView.swift */ = {isa = PBXFileReference; fileEncoding = 4; lastKnownFileType = sourcecode.swift; path = TimelineControlItemView.swift; sourceTree = "<group>"; };
		22A9C62C219B87EE00A2C524 /* TimelineBorderView.swift */ = {isa = PBXFileReference; fileEncoding = 4; lastKnownFileType = sourcecode.swift; path = TimelineBorderView.swift; sourceTree = "<group>"; };
		22A9C62D219B87EE00A2C524 /* TimelineItemView.swift */ = {isa = PBXFileReference; fileEncoding = 4; lastKnownFileType = sourcecode.swift; path = TimelineItemView.swift; sourceTree = "<group>"; };
		22A9C62E219B87EE00A2C524 /* TimelineHeaderView.xib */ = {isa = PBXFileReference; fileEncoding = 4; lastKnownFileType = file.xib; path = TimelineHeaderView.xib; sourceTree = "<group>"; };
		22A9C62F219B87EE00A2C524 /* TimelineBorderView.xib */ = {isa = PBXFileReference; fileEncoding = 4; lastKnownFileType = file.xib; path = TimelineBorderView.xib; sourceTree = "<group>"; };
		22A9C630219B87EE00A2C524 /* TimelineControlItemView.xib */ = {isa = PBXFileReference; fileEncoding = 4; lastKnownFileType = file.xib; path = TimelineControlItemView.xib; sourceTree = "<group>"; };
		22A9C631219B87EE00A2C524 /* TimelineTailView.xib */ = {isa = PBXFileReference; fileEncoding = 4; lastKnownFileType = file.xib; path = TimelineTailView.xib; sourceTree = "<group>"; };
		22A9C632219B87EE00A2C524 /* TimelineFlagView.xib */ = {isa = PBXFileReference; fileEncoding = 4; lastKnownFileType = file.xib; path = TimelineFlagView.xib; sourceTree = "<group>"; };
		22A9C633219B87EE00A2C524 /* TimelineTailView.swift */ = {isa = PBXFileReference; fileEncoding = 4; lastKnownFileType = sourcecode.swift; path = TimelineTailView.swift; sourceTree = "<group>"; };
		22A9C634219B87EE00A2C524 /* TimelineViewController.swift */ = {isa = PBXFileReference; fileEncoding = 4; lastKnownFileType = sourcecode.swift; path = TimelineViewController.swift; sourceTree = "<group>"; };
		22A9C636219B87EF00A2C524 /* TimelineEvent.swift */ = {isa = PBXFileReference; fileEncoding = 4; lastKnownFileType = sourcecode.swift; path = TimelineEvent.swift; sourceTree = "<group>"; };
		22A9C637219B87EF00A2C524 /* TailDiagram.swift */ = {isa = PBXFileReference; fileEncoding = 4; lastKnownFileType = sourcecode.swift; path = TailDiagram.swift; sourceTree = "<group>"; };
		22A9C64E219B89F500A2C524 /* SelectionManager.swift */ = {isa = PBXFileReference; lastKnownFileType = sourcecode.swift; path = SelectionManager.swift; sourceTree = "<group>"; };
		22A9C650219B8FA800A2C524 /* CustomScrollView.swift */ = {isa = PBXFileReference; lastKnownFileType = sourcecode.swift; path = CustomScrollView.swift; sourceTree = "<group>"; };
		22B1E2A92045F2EE00BDDF14 /* AVKit.swift */ = {isa = PBXFileReference; lastKnownFileType = sourcecode.swift; path = AVKit.swift; sourceTree = "<group>"; };
		22C00AB821010CB5004020F0 /* TimelineExplorerTests.xctest */ = {isa = PBXFileReference; explicitFileType = wrapper.cfbundle; includeInIndex = 0; path = TimelineExplorerTests.xctest; sourceTree = BUILT_PRODUCTS_DIR; };
		22C00ABA21010CB5004020F0 /* TimelineDateTests.swift */ = {isa = PBXFileReference; lastKnownFileType = sourcecode.swift; path = TimelineDateTests.swift; sourceTree = "<group>"; };
		22C00ABC21010CB5004020F0 /* Tests.plist */ = {isa = PBXFileReference; lastKnownFileType = text.plist.xml; path = Tests.plist; sourceTree = "<group>"; };
		22D6F91D20B6836800C7FB5F /* NSApplication.swift */ = {isa = PBXFileReference; fileEncoding = 4; lastKnownFileType = sourcecode.swift; path = NSApplication.swift; sourceTree = "<group>"; };
		22F3EBA7215313CB00FCFF6B /* Animations.swift */ = {isa = PBXFileReference; lastKnownFileType = sourcecode.swift; path = Animations.swift; sourceTree = "<group>"; };
		22F5BFFA216D163F00169387 /* MacGestures.framework */ = {isa = PBXFileReference; explicitFileType = wrapper.framework; path = MacGestures.framework; sourceTree = BUILT_PRODUCTS_DIR; };
		22F5C002216D17C700169387 /* MacGestures.swift */ = {isa = PBXFileReference; lastKnownFileType = sourcecode.swift; path = MacGestures.swift; sourceTree = "<group>"; };
		3F2FAB5C204F7D9E002EDF5D /* Collection.swift */ = {isa = PBXFileReference; fileEncoding = 4; lastKnownFileType = sourcecode.swift; path = Collection.swift; sourceTree = "<group>"; };
		7FCD4BC304E6BE947ABB8966 /* Pods_TimelineExplorer.framework */ = {isa = PBXFileReference; explicitFileType = wrapper.framework; includeInIndex = 0; path = Pods_TimelineExplorer.framework; sourceTree = BUILT_PRODUCTS_DIR; };
		8F22945520773EA600731E78 /* Math.swift */ = {isa = PBXFileReference; lastKnownFileType = sourcecode.swift; path = Math.swift; sourceTree = "<group>"; };
		8FB48D6C2128E1D7009980B1 /* MapAnimationType.swift */ = {isa = PBXFileReference; lastKnownFileType = sourcecode.swift; path = MapAnimationType.swift; sourceTree = "<group>"; };
		93ADDE20D566F850E2AB3FCC /* Pods-TimelineExplorer.debug.xcconfig */ = {isa = PBXFileReference; includeInIndex = 1; lastKnownFileType = text.xcconfig; name = "Pods-TimelineExplorer.debug.xcconfig"; path = "Pods/Target Support Files/Pods-TimelineExplorer/Pods-TimelineExplorer.debug.xcconfig"; sourceTree = "<group>"; };
		9CF6CE4790742AE255C12240 /* Pods_All_MapExplorer_macOS.framework */ = {isa = PBXFileReference; explicitFileType = wrapper.framework; includeInIndex = 0; path = Pods_All_MapExplorer_macOS.framework; sourceTree = BUILT_PRODUCTS_DIR; };
		A2A951FCC4F096B0AB78BDC9 /* Pods-TimelineExplorer.release.xcconfig */ = {isa = PBXFileReference; includeInIndex = 1; lastKnownFileType = text.xcconfig; name = "Pods-TimelineExplorer.release.xcconfig"; path = "Pods/Target Support Files/Pods-TimelineExplorer/Pods-TimelineExplorer.release.xcconfig"; sourceTree = "<group>"; };
		A44A56ED2135F35200F73D55 /* TimelineSelection.swift */ = {isa = PBXFileReference; lastKnownFileType = sourcecode.swift; path = TimelineSelection.swift; sourceTree = "<group>"; };
		A44E14F5211A392B00105F58 /* NSCollectionView.swift */ = {isa = PBXFileReference; lastKnownFileType = sourcecode.swift; path = NSCollectionView.swift; sourceTree = "<group>"; };
		A44F1B6020FE8232005FEFD1 /* String.swift */ = {isa = PBXFileReference; lastKnownFileType = sourcecode.swift; path = String.swift; sourceTree = "<group>"; };
		A44F1B6420FEAF8B005FEFD1 /* RecordDate.swift */ = {isa = PBXFileReference; lastKnownFileType = sourcecode.swift; path = RecordDate.swift; sourceTree = "<group>"; };
		A4A87619210015F200113F95 /* DateRange.swift */ = {isa = PBXFileReference; lastKnownFileType = sourcecode.swift; path = DateRange.swift; sourceTree = "<group>"; };
		A4DC16D1E47B486A4E08792E /* Pods_All_MapExplorer.framework */ = {isa = PBXFileReference; explicitFileType = wrapper.framework; includeInIndex = 0; path = Pods_All_MapExplorer.framework; sourceTree = BUILT_PRODUCTS_DIR; };
		C6C56FC0E77D434B7DF387CE /* Pods-MapExplorer.release.xcconfig */ = {isa = PBXFileReference; includeInIndex = 1; lastKnownFileType = text.xcconfig; name = "Pods-MapExplorer.release.xcconfig"; path = "Pods/Target Support Files/Pods-MapExplorer/Pods-MapExplorer.release.xcconfig"; sourceTree = "<group>"; };
		F15C64CE098C2F55BB5F4A5B /* Pods-MapExplorer.debug.xcconfig */ = {isa = PBXFileReference; includeInIndex = 1; lastKnownFileType = text.xcconfig; name = "Pods-MapExplorer.debug.xcconfig"; path = "Pods/Target Support Files/Pods-MapExplorer/Pods-MapExplorer.debug.xcconfig"; sourceTree = "<group>"; };
/* End PBXFileReference section */

/* Begin PBXFrameworksBuildPhase section */
		22290C022028F9EC000E0573 /* Frameworks */ = {
			isa = PBXFrameworksBuildPhase;
			buildActionMask = 2147483647;
			files = (
				69F8459B2D7EBA05D5054E24 /* Pods_TimelineExplorer.framework in Frameworks */,
			);
			runOnlyForDeploymentPostprocessing = 0;
		};
		22C00AB521010CB5004020F0 /* Frameworks */ = {
			isa = PBXFrameworksBuildPhase;
			buildActionMask = 2147483647;
			files = (
			);
			runOnlyForDeploymentPostprocessing = 0;
		};
/* End PBXFrameworksBuildPhase section */

/* Begin PBXGroup section */
		22290BFC2028F9EC000E0573 = {
			isa = PBXGroup;
			children = (
				22290C182028FA0B000E0573 /* Sources */,
				22290C3D2028FE99000E0573 /* Resources */,
				22290C322028FA34000E0573 /* Extensions */,
				22290C072028F9EC000E0573 /* Metadata */,
				22C00AB921010CB5004020F0 /* Tests */,
				22290C062028F9EC000E0573 /* Products */,
				8F71A70A409CF5D890B51883 /* Pods */,
				54917AC90A012134E9DA525B /* Frameworks */,
			);
			sourceTree = "<group>";
		};
		22290C062028F9EC000E0573 /* Products */ = {
			isa = PBXGroup;
			children = (
				22290C052028F9EC000E0573 /* TimelineExplorer.app */,
				22C00AB821010CB5004020F0 /* TimelineExplorerTests.xctest */,
			);
			name = Products;
			sourceTree = "<group>";
		};
		22290C072028F9EC000E0573 /* Metadata */ = {
			isa = PBXGroup;
			children = (
				22290C112028F9EC000E0573 /* Info.plist */,
				22290C122028F9EC000E0573 /* TimelineExplorer.entitlements */,
			);
			path = Metadata;
			sourceTree = "<group>";
		};
		22290C182028FA0B000E0573 /* Sources */ = {
			isa = PBXGroup;
			children = (
				22290C232028FA1E000E0573 /* Managers */,
				22290C192028FA1E000E0573 /* Controllers */,
				2276AE66204E75A9001FAD8B /* Windows */,
				2290A03A20E30E4400F028C4 /* Views */,
				22290C262028FA1E000E0573 /* Models */,
				22290C212028FA1E000E0573 /* Helpers */,
			);
			path = Sources;
			sourceTree = "<group>";
		};
		22290C192028FA1E000E0573 /* Controllers */ = {
			isa = PBXGroup;
			children = (
				22290C0E2028F9EC000E0573 /* Main.storyboard */,
				22A9C61F219B87B200A2C524 /* TimelineViewController */,
				22A9C609219B4D3D00A2C524 /* BaseViewController */,
				22A9C5FC219B489F00A2C524 /* RecordViewController */,
			);
			path = Controllers;
			sourceTree = "<group>";
		};
		22290C212028FA1E000E0573 /* Helpers */ = {
			isa = PBXGroup;
			children = (
				8FB48D6C2128E1D7009980B1 /* MapAnimationType.swift */,
				22290C222028FA1E000E0573 /* Style.swift */,
				22A49872204749700024B46C /* JSON.swift */,
				8F22945520773EA600731E78 /* Math.swift */,
				2222B13920D85BD700ECCB5D /* ApplicationType.swift */,
				220AE86020ED48C200F6E9AA /* Months.swift */,
				A44A56ED2135F35200F73D55 /* TimelineSelection.swift */,
				22667A27214088EF00F15A04 /* DispatchTimer.swift */,
				226A4519214F1FA300860F0E /* RecordType.swift */,
				226A4523214F342200860F0E /* TouchScreen.swift */,
				22A9C601219B4B0200A2C524 /* WindowType.swift */,
				22A9C603219B4BDB00A2C524 /* WindowFactory.swift */,
				22A9C605219B4CE100A2C524 /* RelationshipHelper.swift */,
			);
			path = Helpers;
			sourceTree = "<group>";
		};
		22290C232028FA1E000E0573 /* Managers */ = {
			isa = PBXGroup;
			children = (
				22290C082028F9EC000E0573 /* AppDelegate.swift */,
				226A451B214F23B500860F0E /* RecordManager.swift */,
				22A9C5FF219B4AC300A2C524 /* WindowManager.swift */,
				22A9C61B219B640E00A2C524 /* TouchManager.swift */,
				22A9C64E219B89F500A2C524 /* SelectionManager.swift */,
			);
			path = Managers;
			sourceTree = "<group>";
		};
		22290C262028FA1E000E0573 /* Models */ = {
			isa = PBXGroup;
			children = (
				22A49871204749500024B46C /* Records */,
				A44F1B6420FEAF8B005FEFD1 /* RecordDate.swift */,
				A4A87619210015F200113F95 /* DateRange.swift */,
			);
			path = Models;
			sourceTree = "<group>";
		};
		22290C322028FA34000E0573 /* Extensions */ = {
			isa = PBXGroup;
			children = (
				22D6F91D20B6836800C7FB5F /* NSApplication.swift */,
				3F2FAB5C204F7D9E002EDF5D /* Collection.swift */,
				22290C332028FA34000E0573 /* MapKit.swift */,
				22290C342028FA34000E0573 /* CoreGraphics.swift */,
				22290C352028FA34000E0573 /* Int.swift */,
				22290C362028FA34000E0573 /* PacketType.swift */,
				22290C372028FA34000E0573 /* NetworkConfiguration.swift */,
				221C62A7203B57F7009493DA /* URL.swift */,
				22B1E2A92045F2EE00BDDF14 /* AVKit.swift */,
				220329082066F20900FFD9E2 /* Data.swift */,
				2290A04520E4439C00F028C4 /* NSColor.swift */,
				A44F1B6020FE8232005FEFD1 /* String.swift */,
				A44E14F5211A392B00105F58 /* NSCollectionView.swift */,
				22F3EBA7215313CB00FCFF6B /* Animations.swift */,
				22F5C002216D17C700169387 /* MacGestures.swift */,
				2213CDC921766326003C695F /* NSView.swift */,
				22A9C615219B52B200A2C524 /* NSImage.swift */,
			);
			path = Extensions;
			sourceTree = "<group>";
		};
		22290C3D2028FE99000E0573 /* Resources */ = {
			isa = PBXGroup;
			children = (
				22290C0C2028F9EC000E0573 /* Assets.xcassets */,
				22A9C617219B58DA00A2C524 /* cities.json */,
			);
			path = Resources;
			sourceTree = "<group>";
		};
		2276AE66204E75A9001FAD8B /* Windows */ = {
			isa = PBXGroup;
			children = (
				2276AE67204E75C2001FAD8B /* BorderlessWindow.swift */,
			);
			path = Windows;
			sourceTree = "<group>";
		};
		2290A03A20E30E4400F028C4 /* Views */ = {
			isa = PBXGroup;
			children = (
				2290A03420E2E4BE00F028C4 /* FlippedCollectionView.swift */,
				225C92B82130CC6D00D629EE /* ImageView.swift */,
				22A9C613219B4F5600A2C524 /* FadingScrollView.swift */,
				22A9C650219B8FA800A2C524 /* CustomScrollView.swift */,
			);
			path = Views;
			sourceTree = "<group>";
		};
		22A49871204749500024B46C /* Records */ = {
			isa = PBXGroup;
			children = (
				222694BF20699B10007DA6FA /* Record.swift */,
				22A9C619219B5BCC00A2C524 /* City.swift */,
			);
			path = Records;
			sourceTree = "<group>";
		};
		22A9C5FC219B489F00A2C524 /* RecordViewController */ = {
			isa = PBXGroup;
			children = (
				22A9C5FD219B48C500A2C524 /* Record.storyboard */,
				22A9C607219B4D1900A2C524 /* RecordViewController.swift */,
				22A9C60A219B4DAB00A2C524 /* Views */,
			);
			path = RecordViewController;
			sourceTree = "<group>";
		};
		22A9C609219B4D3D00A2C524 /* BaseViewController */ = {
			isa = PBXGroup;
			children = (
				22A9C5FA219B489A00A2C524 /* BaseViewController.swift */,
			);
			path = BaseViewController;
			sourceTree = "<group>";
		};
		22A9C60A219B4DAB00A2C524 /* Views */ = {
			isa = PBXGroup;
			children = (
				22A9C60C219B4DB400A2C524 /* InfoCollectionItemView.swift */,
				22A9C60E219B4DB400A2C524 /* InfoCollectionItemView.xib */,
				22A9C60B219B4DB400A2C524 /* RecordCollectionItemView.swift */,
				22A9C60D219B4DB400A2C524 /* RecordCollectionItemView.xib */,
			);
			path = Views;
			sourceTree = "<group>";
		};
		22A9C61F219B87B200A2C524 /* TimelineViewController */ = {
			isa = PBXGroup;
			children = (
				22A9C620219B87EE00A2C524 /* Timeline.storyboard */,
				22A9C634219B87EE00A2C524 /* TimelineViewController.swift */,
				22A9C627219B87EE00A2C524 /* Views */,
				22A9C624219B87EE00A2C524 /* Data */,
				22A9C621219B87EE00A2C524 /* Layouts */,
				22A9C635219B87EF00A2C524 /* Models */,
			);
			path = TimelineViewController;
			sourceTree = "<group>";
		};
		22A9C621219B87EE00A2C524 /* Layouts */ = {
			isa = PBXGroup;
			children = (
				22A9C622219B87EE00A2C524 /* TimelineControlLayout.swift */,
				22A9C623219B87EE00A2C524 /* TimelineDecadeFlagLayout.swift */,
			);
			path = Layouts;
			sourceTree = "<group>";
		};
		22A9C624219B87EE00A2C524 /* Data */ = {
			isa = PBXGroup;
			children = (
				22A9C625219B87EE00A2C524 /* TimelineDataSource.swift */,
				22A9C626219B87EE00A2C524 /* TimelineControlsDataSource.swift */,
			);
			path = Data;
			sourceTree = "<group>";
		};
		22A9C627219B87EE00A2C524 /* Views */ = {
			isa = PBXGroup;
			children = (
				22A9C628219B87EE00A2C524 /* TimelineFlagView.swift */,
				22A9C629219B87EE00A2C524 /* TimelineItemView.xib */,
				22A9C62A219B87EE00A2C524 /* TimelineHeaderView.swift */,
				22A9C62B219B87EE00A2C524 /* TimelineControlItemView.swift */,
				22A9C62C219B87EE00A2C524 /* TimelineBorderView.swift */,
				22A9C62D219B87EE00A2C524 /* TimelineItemView.swift */,
				22A9C62E219B87EE00A2C524 /* TimelineHeaderView.xib */,
				22A9C62F219B87EE00A2C524 /* TimelineBorderView.xib */,
				22A9C630219B87EE00A2C524 /* TimelineControlItemView.xib */,
				22A9C631219B87EE00A2C524 /* TimelineTailView.xib */,
				22A9C632219B87EE00A2C524 /* TimelineFlagView.xib */,
				22A9C633219B87EE00A2C524 /* TimelineTailView.swift */,
			);
			path = Views;
			sourceTree = "<group>";
		};
		22A9C635219B87EF00A2C524 /* Models */ = {
			isa = PBXGroup;
			children = (
				22A9C636219B87EF00A2C524 /* TimelineEvent.swift */,
				22A9C637219B87EF00A2C524 /* TailDiagram.swift */,
			);
			path = Models;
			sourceTree = "<group>";
		};
		22C00AB921010CB5004020F0 /* Tests */ = {
			isa = PBXGroup;
			children = (
				22C00ABC21010CB5004020F0 /* Tests.plist */,
				22C00ABA21010CB5004020F0 /* TimelineDateTests.swift */,
			);
			path = Tests;
			sourceTree = "<group>";
		};
		54917AC90A012134E9DA525B /* Frameworks */ = {
			isa = PBXGroup;
			children = (
				22F5BFFA216D163F00169387 /* MacGestures.framework */,
				9CF6CE4790742AE255C12240 /* Pods_All_MapExplorer_macOS.framework */,
				A4DC16D1E47B486A4E08792E /* Pods_All_MapExplorer.framework */,
				0457AC7458D91763AF1BEE6E /* Pods_MapExplorer.framework */,
				7FCD4BC304E6BE947ABB8966 /* Pods_TimelineExplorer.framework */,
			);
			name = Frameworks;
			sourceTree = "<group>";
		};
		8F71A70A409CF5D890B51883 /* Pods */ = {
			isa = PBXGroup;
			children = (
				F15C64CE098C2F55BB5F4A5B /* Pods-MapExplorer.debug.xcconfig */,
				C6C56FC0E77D434B7DF387CE /* Pods-MapExplorer.release.xcconfig */,
				93ADDE20D566F850E2AB3FCC /* Pods-TimelineExplorer.debug.xcconfig */,
				A2A951FCC4F096B0AB78BDC9 /* Pods-TimelineExplorer.release.xcconfig */,
			);
			name = Pods;
			sourceTree = "<group>";
		};
/* End PBXGroup section */

/* Begin PBXNativeTarget section */
		22290C042028F9EC000E0573 /* TimelineExplorer */ = {
			isa = PBXNativeTarget;
			buildConfigurationList = 22290C152028F9EC000E0573 /* Build configuration list for PBXNativeTarget "TimelineExplorer" */;
			buildPhases = (
				8F1D2FAC58B31812451CE63B /* [CP] Check Pods Manifest.lock */,
				22290C012028F9EC000E0573 /* Sources */,
				22290C022028F9EC000E0573 /* Frameworks */,
				22290C032028F9EC000E0573 /* Resources */,
				22FEF1BD202CD86D001E9596 /* Run Swiftlint */,
				5B065ABFB721CD1408B62F1F /* [CP] Embed Pods Frameworks */,
			);
			buildRules = (
			);
			dependencies = (
			);
			name = TimelineExplorer;
			productName = "MapExplorer-macOS";
			productReference = 22290C052028F9EC000E0573 /* TimelineExplorer.app */;
			productType = "com.apple.product-type.application";
		};
		22C00AB721010CB5004020F0 /* TimelineExplorerTests */ = {
			isa = PBXNativeTarget;
			buildConfigurationList = 22C00AC121010CB5004020F0 /* Build configuration list for PBXNativeTarget "TimelineExplorerTests" */;
			buildPhases = (
				22C00AB421010CB5004020F0 /* Sources */,
				22C00AB521010CB5004020F0 /* Frameworks */,
				22C00AB621010CB5004020F0 /* Resources */,
			);
			buildRules = (
			);
			dependencies = (
				22C00ABE21010CB5004020F0 /* PBXTargetDependency */,
			);
			name = TimelineExplorerTests;
			productName = "MapExplorer-macOSTests";
			productReference = 22C00AB821010CB5004020F0 /* TimelineExplorerTests.xctest */;
			productType = "com.apple.product-type.bundle.unit-test";
		};
/* End PBXNativeTarget section */

/* Begin PBXProject section */
		22290BFD2028F9EC000E0573 /* Project object */ = {
			isa = PBXProject;
			attributes = {
				LastSwiftUpdateCheck = 0940;
				LastUpgradeCheck = 0930;
				ORGANIZATIONNAME = JABT;
				TargetAttributes = {
					22290C042028F9EC000E0573 = {
						CreatedOnToolsVersion = 9.2;
						LastSwiftMigration = 1000;
						ProvisioningStyle = Automatic;
						SystemCapabilities = {
							com.apple.Sandbox = {
								enabled = 0;
							};
						};
					};
					22C00AB721010CB5004020F0 = {
						CreatedOnToolsVersion = 9.4.1;
						LastSwiftMigration = 1000;
						ProvisioningStyle = Automatic;
						TestTargetID = 22290C042028F9EC000E0573;
					};
				};
			};
			buildConfigurationList = 22290C002028F9EC000E0573 /* Build configuration list for PBXProject "TimelineExplorer" */;
			compatibilityVersion = "Xcode 8.0";
			developmentRegion = en;
			hasScannedForEncodings = 0;
			knownRegions = (
				en,
				Base,
			);
			mainGroup = 22290BFC2028F9EC000E0573;
			productRefGroup = 22290C062028F9EC000E0573 /* Products */;
			projectDirPath = "";
			projectRoot = "";
			targets = (
				22290C042028F9EC000E0573 /* TimelineExplorer */,
				22C00AB721010CB5004020F0 /* TimelineExplorerTests */,
			);
		};
/* End PBXProject section */

/* Begin PBXResourcesBuildPhase section */
		22290C032028F9EC000E0573 /* Resources */ = {
			isa = PBXResourcesBuildPhase;
			buildActionMask = 2147483647;
			files = (
				22A9C612219B4E6E00A2C524 /* RecordCollectionItemView.xib in Resources */,
				22A9C618219B58DA00A2C524 /* cities.json in Resources */,
				22290C0D2028F9EC000E0573 /* Assets.xcassets in Resources */,
				22290C102028F9EC000E0573 /* Main.storyboard in Resources */,
				22A9C5FE219B48C500A2C524 /* Record.storyboard in Resources */,
				22A9C647219B87EF00A2C524 /* TimelineTailView.xib in Resources */,
				22A9C645219B87EF00A2C524 /* TimelineBorderView.xib in Resources */,
				22A9C610219B4E6900A2C524 /* InfoCollectionItemView.xib in Resources */,
				22A9C648219B87EF00A2C524 /* TimelineFlagView.xib in Resources */,
				22A9C644219B87EF00A2C524 /* TimelineHeaderView.xib in Resources */,
				22A9C63F219B87EF00A2C524 /* TimelineItemView.xib in Resources */,
				22A9C639219B87EF00A2C524 /* Timeline.storyboard in Resources */,
				22A9C646219B87EF00A2C524 /* TimelineControlItemView.xib in Resources */,
			);
			runOnlyForDeploymentPostprocessing = 0;
		};
		22C00AB621010CB5004020F0 /* Resources */ = {
			isa = PBXResourcesBuildPhase;
			buildActionMask = 2147483647;
			files = (
			);
			runOnlyForDeploymentPostprocessing = 0;
		};
/* End PBXResourcesBuildPhase section */

/* Begin PBXShellScriptBuildPhase section */
		22FEF1BD202CD86D001E9596 /* Run Swiftlint */ = {
			isa = PBXShellScriptBuildPhase;
			buildActionMask = 2147483647;
			files = (
			);
			inputPaths = (
			);
			name = "Run Swiftlint";
			outputPaths = (
			);
			runOnlyForDeploymentPostprocessing = 0;
			shellPath = /bin/sh;
			shellScript = "if which swiftlint >/dev/null; then\n    swiftlint\nelse\n    echo \"warning: SwiftLint not installed, download from https://github.com/realm/SwiftLint\"\nfi\n";
		};
		5B065ABFB721CD1408B62F1F /* [CP] Embed Pods Frameworks */ = {
			isa = PBXShellScriptBuildPhase;
			buildActionMask = 2147483647;
			files = (
			);
			inputPaths = (
				"${PODS_ROOT}/Target Support Files/Pods-TimelineExplorer/Pods-TimelineExplorer-frameworks.sh",
				"${BUILT_PRODUCTS_DIR}/Alamofire/Alamofire.framework",
				"${BUILT_PRODUCTS_DIR}/AlamofireImage/AlamofireImage.framework",
				"${BUILT_PRODUCTS_DIR}/CocoaAsyncSocket/CocoaAsyncSocket.framework",
				"${BUILT_PRODUCTS_DIR}/MONode/MONode.framework",
				"${BUILT_PRODUCTS_DIR}/MacGestures/MacGestures.framework",
				"${BUILT_PRODUCTS_DIR}/PromiseKit/PromiseKit.framework",
			);
			name = "[CP] Embed Pods Frameworks";
			outputPaths = (
				"${TARGET_BUILD_DIR}/${FRAMEWORKS_FOLDER_PATH}/Alamofire.framework",
				"${TARGET_BUILD_DIR}/${FRAMEWORKS_FOLDER_PATH}/AlamofireImage.framework",
				"${TARGET_BUILD_DIR}/${FRAMEWORKS_FOLDER_PATH}/CocoaAsyncSocket.framework",
				"${TARGET_BUILD_DIR}/${FRAMEWORKS_FOLDER_PATH}/MONode.framework",
				"${TARGET_BUILD_DIR}/${FRAMEWORKS_FOLDER_PATH}/MacGestures.framework",
				"${TARGET_BUILD_DIR}/${FRAMEWORKS_FOLDER_PATH}/PromiseKit.framework",
			);
			runOnlyForDeploymentPostprocessing = 0;
			shellPath = /bin/sh;
			shellScript = "\"${PODS_ROOT}/Target Support Files/Pods-TimelineExplorer/Pods-TimelineExplorer-frameworks.sh\"\n";
			showEnvVarsInLog = 0;
		};
		8F1D2FAC58B31812451CE63B /* [CP] Check Pods Manifest.lock */ = {
			isa = PBXShellScriptBuildPhase;
			buildActionMask = 2147483647;
			files = (
			);
			inputPaths = (
				"${PODS_PODFILE_DIR_PATH}/Podfile.lock",
				"${PODS_ROOT}/Manifest.lock",
			);
			name = "[CP] Check Pods Manifest.lock";
			outputPaths = (
				"$(DERIVED_FILE_DIR)/Pods-TimelineExplorer-checkManifestLockResult.txt",
			);
			runOnlyForDeploymentPostprocessing = 0;
			shellPath = /bin/sh;
			shellScript = "diff \"${PODS_PODFILE_DIR_PATH}/Podfile.lock\" \"${PODS_ROOT}/Manifest.lock\" > /dev/null\nif [ $? != 0 ] ; then\n    # print error to STDERR\n    echo \"error: The sandbox is not in sync with the Podfile.lock. Run 'pod install' or update your CocoaPods installation.\" >&2\n    exit 1\nfi\n# This output is used by Xcode 'outputs' to avoid re-running this script phase.\necho \"SUCCESS\" > \"${SCRIPT_OUTPUT_FILE_0}\"\n";
			showEnvVarsInLog = 0;
		};
/* End PBXShellScriptBuildPhase section */

/* Begin PBXSourcesBuildPhase section */
		22290C012028F9EC000E0573 /* Sources */ = {
			isa = PBXSourcesBuildPhase;
			buildActionMask = 2147483647;
			files = (
				8FB48D6D2128E1D7009980B1 /* MapAnimationType.swift in Sources */,
				22A9C63E219B87EF00A2C524 /* TimelineFlagView.swift in Sources */,
				22A9C651219B8FA800A2C524 /* CustomScrollView.swift in Sources */,
				A44E14F6211A392B00105F58 /* NSCollectionView.swift in Sources */,
				22D6F91E20B6836900C7FB5F /* NSApplication.swift in Sources */,
				22A9C608219B4D1900A2C524 /* RecordViewController.swift in Sources */,
				226A4524214F342200860F0E /* TouchScreen.swift in Sources */,
				22A9C64F219B89F500A2C524 /* SelectionManager.swift in Sources */,
				22A9C63C219B87EF00A2C524 /* TimelineDataSource.swift in Sources */,
				2290A03520E2E4BE00F028C4 /* FlippedCollectionView.swift in Sources */,
				22290C3B2028FA35000E0573 /* PacketType.swift in Sources */,
				225C92B92130CC6D00D629EE /* ImageView.swift in Sources */,
				22A9C616219B52B200A2C524 /* NSImage.swift in Sources */,
				22B1E2AA2045F2EE00BDDF14 /* AVKit.swift in Sources */,
				22A9C600219B4AC300A2C524 /* WindowManager.swift in Sources */,
				22667A28214088EF00F15A04 /* DispatchTimer.swift in Sources */,
				226A451C214F23B500860F0E /* RecordManager.swift in Sources */,
				22290C3A2028FA35000E0573 /* Int.swift in Sources */,
				22A9C643219B87EF00A2C524 /* TimelineItemView.swift in Sources */,
				22A9C63B219B87EF00A2C524 /* TimelineDecadeFlagLayout.swift in Sources */,
				A4A8761A210015F200113F95 /* DateRange.swift in Sources */,
				221C62A8203B57F7009493DA /* URL.swift in Sources */,
				22A9C61C219B640E00A2C524 /* TouchManager.swift in Sources */,
				22A9C60F219B4E6300A2C524 /* InfoCollectionItemView.swift in Sources */,
				22A9C641219B87EF00A2C524 /* TimelineControlItemView.swift in Sources */,
				220329092066F20900FFD9E2 /* Data.swift in Sources */,
				22A49873204749700024B46C /* JSON.swift in Sources */,
				A44F1B6120FE8232005FEFD1 /* String.swift in Sources */,
				22A9C64A219B87EF00A2C524 /* TimelineViewController.swift in Sources */,
				222694C020699B10007DA6FA /* Record.swift in Sources */,
				22F5C003216D17C700169387 /* MacGestures.swift in Sources */,
				22A9C5FB219B489A00A2C524 /* BaseViewController.swift in Sources */,
				2276AE68204E75C2001FAD8B /* BorderlessWindow.swift in Sources */,
				22A9C611219B4E6B00A2C524 /* RecordCollectionItemView.swift in Sources */,
				22A9C61A219B5BCC00A2C524 /* City.swift in Sources */,
				A44F1B6520FEAF8B005FEFD1 /* RecordDate.swift in Sources */,
				22290C382028FA35000E0573 /* MapKit.swift in Sources */,
				2213CDCA21766326003C695F /* NSView.swift in Sources */,
				22A9C63A219B87EF00A2C524 /* TimelineControlLayout.swift in Sources */,
				22A9C64B219B87EF00A2C524 /* TimelineEvent.swift in Sources */,
				22290C092028F9EC000E0573 /* AppDelegate.swift in Sources */,
				22A9C63D219B87EF00A2C524 /* TimelineControlsDataSource.swift in Sources */,
				A44A56EE2135F35200F73D55 /* TimelineSelection.swift in Sources */,
				22290C392028FA35000E0573 /* CoreGraphics.swift in Sources */,
				22F3EBA8215313CB00FCFF6B /* Animations.swift in Sources */,
				22A9C602219B4B0200A2C524 /* WindowType.swift in Sources */,
				3F2FAB5D204F7D9E002EDF5D /* Collection.swift in Sources */,
				22A9C604219B4BDB00A2C524 /* WindowFactory.swift in Sources */,
				22A9C64C219B87EF00A2C524 /* TailDiagram.swift in Sources */,
				226A451A214F1FA300860F0E /* RecordType.swift in Sources */,
				2222B13A20D85BD700ECCB5D /* ApplicationType.swift in Sources */,
				22A9C606219B4CE100A2C524 /* RelationshipHelper.swift in Sources */,
				22A9C614219B4F5600A2C524 /* FadingScrollView.swift in Sources */,
				22A9C640219B87EF00A2C524 /* TimelineHeaderView.swift in Sources */,
				22290C3C2028FA35000E0573 /* NetworkConfiguration.swift in Sources */,
				22290C2E2028FA1F000E0573 /* Style.swift in Sources */,
				8F22945620773EA600731E78 /* Math.swift in Sources */,
				2290A04620E4439C00F028C4 /* NSColor.swift in Sources */,
				22A9C649219B87EF00A2C524 /* TimelineTailView.swift in Sources */,
				220AE86120ED48C200F6E9AA /* Months.swift in Sources */,
				22A9C642219B87EF00A2C524 /* TimelineBorderView.swift in Sources */,
			);
			runOnlyForDeploymentPostprocessing = 0;
		};
		22C00AB421010CB5004020F0 /* Sources */ = {
			isa = PBXSourcesBuildPhase;
			buildActionMask = 2147483647;
			files = (
				22C00ABB21010CB5004020F0 /* TimelineDateTests.swift in Sources */,
			);
			runOnlyForDeploymentPostprocessing = 0;
		};
/* End PBXSourcesBuildPhase section */

/* Begin PBXTargetDependency section */
		22C00ABE21010CB5004020F0 /* PBXTargetDependency */ = {
			isa = PBXTargetDependency;
			target = 22290C042028F9EC000E0573 /* TimelineExplorer */;
			targetProxy = 22C00ABD21010CB5004020F0 /* PBXContainerItemProxy */;
		};
/* End PBXTargetDependency section */

/* Begin PBXVariantGroup section */
		22290C0E2028F9EC000E0573 /* Main.storyboard */ = {
			isa = PBXVariantGroup;
			children = (
				22290C0F2028F9EC000E0573 /* Base */,
			);
			name = Main.storyboard;
			sourceTree = "<group>";
		};
/* End PBXVariantGroup section */

/* Begin XCBuildConfiguration section */
		22290C132028F9EC000E0573 /* Debug */ = {
			isa = XCBuildConfiguration;
			buildSettings = {
				ALWAYS_SEARCH_USER_PATHS = NO;
				CLANG_ANALYZER_NONNULL = YES;
				CLANG_ANALYZER_NUMBER_OBJECT_CONVERSION = YES_AGGRESSIVE;
				CLANG_CXX_LANGUAGE_STANDARD = "gnu++14";
				CLANG_CXX_LIBRARY = "libc++";
				CLANG_ENABLE_MODULES = YES;
				CLANG_ENABLE_OBJC_ARC = YES;
				CLANG_WARN_BLOCK_CAPTURE_AUTORELEASING = YES;
				CLANG_WARN_BOOL_CONVERSION = YES;
				CLANG_WARN_COMMA = YES;
				CLANG_WARN_CONSTANT_CONVERSION = YES;
				CLANG_WARN_DEPRECATED_OBJC_IMPLEMENTATIONS = YES;
				CLANG_WARN_DIRECT_OBJC_ISA_USAGE = YES_ERROR;
				CLANG_WARN_DOCUMENTATION_COMMENTS = YES;
				CLANG_WARN_EMPTY_BODY = YES;
				CLANG_WARN_ENUM_CONVERSION = YES;
				CLANG_WARN_INFINITE_RECURSION = YES;
				CLANG_WARN_INT_CONVERSION = YES;
				CLANG_WARN_NON_LITERAL_NULL_CONVERSION = YES;
				CLANG_WARN_OBJC_IMPLICIT_RETAIN_SELF = YES;
				CLANG_WARN_OBJC_LITERAL_CONVERSION = YES;
				CLANG_WARN_OBJC_ROOT_CLASS = YES_ERROR;
				CLANG_WARN_RANGE_LOOP_ANALYSIS = YES;
				CLANG_WARN_STRICT_PROTOTYPES = YES;
				CLANG_WARN_SUSPICIOUS_MOVE = YES;
				CLANG_WARN_UNGUARDED_AVAILABILITY = YES_AGGRESSIVE;
				CLANG_WARN_UNREACHABLE_CODE = YES;
				CLANG_WARN__DUPLICATE_METHOD_MATCH = YES;
				CODE_SIGN_IDENTITY = "Mac Developer";
				COPY_PHASE_STRIP = NO;
				DEBUG_INFORMATION_FORMAT = dwarf;
				DEFINES_MODULE = YES;
				ENABLE_STRICT_OBJC_MSGSEND = YES;
				ENABLE_TESTABILITY = YES;
				GCC_C_LANGUAGE_STANDARD = gnu11;
				GCC_DYNAMIC_NO_PIC = NO;
				GCC_NO_COMMON_BLOCKS = YES;
				GCC_OPTIMIZATION_LEVEL = 0;
				GCC_PREPROCESSOR_DEFINITIONS = (
					"DEBUG=1",
					"$(inherited)",
				);
				GCC_WARN_64_TO_32_BIT_CONVERSION = YES;
				GCC_WARN_ABOUT_RETURN_TYPE = YES_ERROR;
				GCC_WARN_UNDECLARED_SELECTOR = YES;
				GCC_WARN_UNINITIALIZED_AUTOS = YES_AGGRESSIVE;
				GCC_WARN_UNUSED_FUNCTION = YES;
				GCC_WARN_UNUSED_VARIABLE = YES;
				MACOSX_DEPLOYMENT_TARGET = 10.14;
				MTL_ENABLE_DEBUG_INFO = YES;
				ONLY_ACTIVE_ARCH = YES;
				SDKROOT = macosx;
				SWIFT_ACTIVE_COMPILATION_CONDITIONS = DEBUG;
				SWIFT_OPTIMIZATION_LEVEL = "-Onone";
			};
			name = Debug;
		};
		22290C142028F9EC000E0573 /* Release */ = {
			isa = XCBuildConfiguration;
			buildSettings = {
				ALWAYS_SEARCH_USER_PATHS = NO;
				CLANG_ANALYZER_NONNULL = YES;
				CLANG_ANALYZER_NUMBER_OBJECT_CONVERSION = YES_AGGRESSIVE;
				CLANG_CXX_LANGUAGE_STANDARD = "gnu++14";
				CLANG_CXX_LIBRARY = "libc++";
				CLANG_ENABLE_MODULES = YES;
				CLANG_ENABLE_OBJC_ARC = YES;
				CLANG_WARN_BLOCK_CAPTURE_AUTORELEASING = YES;
				CLANG_WARN_BOOL_CONVERSION = YES;
				CLANG_WARN_COMMA = YES;
				CLANG_WARN_CONSTANT_CONVERSION = YES;
				CLANG_WARN_DEPRECATED_OBJC_IMPLEMENTATIONS = YES;
				CLANG_WARN_DIRECT_OBJC_ISA_USAGE = YES_ERROR;
				CLANG_WARN_DOCUMENTATION_COMMENTS = YES;
				CLANG_WARN_EMPTY_BODY = YES;
				CLANG_WARN_ENUM_CONVERSION = YES;
				CLANG_WARN_INFINITE_RECURSION = YES;
				CLANG_WARN_INT_CONVERSION = YES;
				CLANG_WARN_NON_LITERAL_NULL_CONVERSION = YES;
				CLANG_WARN_OBJC_IMPLICIT_RETAIN_SELF = YES;
				CLANG_WARN_OBJC_LITERAL_CONVERSION = YES;
				CLANG_WARN_OBJC_ROOT_CLASS = YES_ERROR;
				CLANG_WARN_RANGE_LOOP_ANALYSIS = YES;
				CLANG_WARN_STRICT_PROTOTYPES = YES;
				CLANG_WARN_SUSPICIOUS_MOVE = YES;
				CLANG_WARN_UNGUARDED_AVAILABILITY = YES_AGGRESSIVE;
				CLANG_WARN_UNREACHABLE_CODE = YES;
				CLANG_WARN__DUPLICATE_METHOD_MATCH = YES;
				CODE_SIGN_IDENTITY = "Mac Developer";
				COPY_PHASE_STRIP = NO;
				DEBUG_INFORMATION_FORMAT = "dwarf-with-dsym";
				DEFINES_MODULE = YES;
				ENABLE_NS_ASSERTIONS = NO;
				ENABLE_STRICT_OBJC_MSGSEND = YES;
				GCC_C_LANGUAGE_STANDARD = gnu11;
				GCC_NO_COMMON_BLOCKS = YES;
				GCC_WARN_64_TO_32_BIT_CONVERSION = YES;
				GCC_WARN_ABOUT_RETURN_TYPE = YES_ERROR;
				GCC_WARN_UNDECLARED_SELECTOR = YES;
				GCC_WARN_UNINITIALIZED_AUTOS = YES_AGGRESSIVE;
				GCC_WARN_UNUSED_FUNCTION = YES;
				GCC_WARN_UNUSED_VARIABLE = YES;
				MACOSX_DEPLOYMENT_TARGET = 10.14;
				MTL_ENABLE_DEBUG_INFO = NO;
				SDKROOT = macosx;
				SWIFT_OPTIMIZATION_LEVEL = "-Owholemodule";
			};
			name = Release;
		};
		22290C162028F9EC000E0573 /* Debug */ = {
			isa = XCBuildConfiguration;
			baseConfigurationReference = 93ADDE20D566F850E2AB3FCC /* Pods-TimelineExplorer.debug.xcconfig */;
			buildSettings = {
				ASSETCATALOG_COMPILER_APPICON_NAME = AppIcon;
				CLANG_ENABLE_MODULES = YES;
				CODE_SIGN_IDENTITY = "Mac Developer";
				CODE_SIGN_STYLE = Automatic;
				COMBINE_HIDPI_IMAGES = YES;
				DEFINES_MODULE = NO;
				DEVELOPMENT_TEAM = M6262HME76;
				INFOPLIST_FILE = Metadata/Info.plist;
				LD_RUNPATH_SEARCH_PATHS = "$(inherited) @executable_path/../Frameworks";
				MACOSX_DEPLOYMENT_TARGET = 10.14;
				PRODUCT_BUNDLE_IDENTIFIER = is.jabt.MapExplorer;
				PRODUCT_NAME = "$(TARGET_NAME)";
				PROVISIONING_PROFILE_SPECIFIER = "";
				SWIFT_OBJC_BRIDGING_HEADER = "";
				SWIFT_OPTIMIZATION_LEVEL = "-Onone";
				SWIFT_VERSION = 4.2;
			};
			name = Debug;
		};
		22290C172028F9EC000E0573 /* Release */ = {
			isa = XCBuildConfiguration;
			baseConfigurationReference = A2A951FCC4F096B0AB78BDC9 /* Pods-TimelineExplorer.release.xcconfig */;
			buildSettings = {
				ASSETCATALOG_COMPILER_APPICON_NAME = AppIcon;
				CLANG_ENABLE_MODULES = YES;
				CODE_SIGN_IDENTITY = "Mac Developer";
				CODE_SIGN_STYLE = Automatic;
				COMBINE_HIDPI_IMAGES = YES;
				DEFINES_MODULE = NO;
				DEVELOPMENT_TEAM = M6262HME76;
				INFOPLIST_FILE = Metadata/Info.plist;
				LD_RUNPATH_SEARCH_PATHS = "$(inherited) @executable_path/../Frameworks";
				MACOSX_DEPLOYMENT_TARGET = 10.14;
				PRODUCT_BUNDLE_IDENTIFIER = is.jabt.MapExplorer;
				PRODUCT_NAME = "$(TARGET_NAME)";
				PROVISIONING_PROFILE_SPECIFIER = "";
				SWIFT_OBJC_BRIDGING_HEADER = "";
				SWIFT_VERSION = 4.2;
			};
			name = Release;
		};
		22C00ABF21010CB5004020F0 /* Debug */ = {
			isa = XCBuildConfiguration;
			buildSettings = {
				BUNDLE_LOADER = "$(TEST_HOST)";
				CLANG_ENABLE_OBJC_WEAK = YES;
				CODE_SIGN_STYLE = Automatic;
				COMBINE_HIDPI_IMAGES = YES;
				DEVELOPMENT_TEAM = M6262HME76;
				INFOPLIST_FILE = Tests/Tests.plist;
				LD_RUNPATH_SEARCH_PATHS = "$(inherited) @executable_path/../Frameworks @loader_path/../Frameworks";
				PRODUCT_BUNDLE_IDENTIFIER = is.slant.MapExplorerTests;
				PRODUCT_NAME = "$(TARGET_NAME)";
				SWIFT_VERSION = 4.2;
				TEST_HOST = "$(BUILT_PRODUCTS_DIR)/TimelineExplorer.app/Contents/MacOS/TimelineExplorer";
			};
			name = Debug;
		};
		22C00AC021010CB5004020F0 /* Release */ = {
			isa = XCBuildConfiguration;
			buildSettings = {
				BUNDLE_LOADER = "$(TEST_HOST)";
				CLANG_ENABLE_OBJC_WEAK = YES;
				CODE_SIGN_STYLE = Automatic;
				COMBINE_HIDPI_IMAGES = YES;
				DEVELOPMENT_TEAM = M6262HME76;
				INFOPLIST_FILE = Tests/Tests.plist;
				LD_RUNPATH_SEARCH_PATHS = "$(inherited) @executable_path/../Frameworks @loader_path/../Frameworks";
				PRODUCT_BUNDLE_IDENTIFIER = is.slant.MapExplorerTests;
				PRODUCT_NAME = "$(TARGET_NAME)";
				SWIFT_VERSION = 4.2;
				TEST_HOST = "$(BUILT_PRODUCTS_DIR)/TimelineExplorer.app/Contents/MacOS/TimelineExplorer";
			};
			name = Release;
		};
/* End XCBuildConfiguration section */

/* Begin XCConfigurationList section */
		22290C002028F9EC000E0573 /* Build configuration list for PBXProject "TimelineExplorer" */ = {
			isa = XCConfigurationList;
			buildConfigurations = (
				22290C132028F9EC000E0573 /* Debug */,
				22290C142028F9EC000E0573 /* Release */,
			);
			defaultConfigurationIsVisible = 0;
			defaultConfigurationName = Release;
		};
		22290C152028F9EC000E0573 /* Build configuration list for PBXNativeTarget "TimelineExplorer" */ = {
			isa = XCConfigurationList;
			buildConfigurations = (
				22290C162028F9EC000E0573 /* Debug */,
				22290C172028F9EC000E0573 /* Release */,
			);
			defaultConfigurationIsVisible = 0;
			defaultConfigurationName = Release;
		};
		22C00AC121010CB5004020F0 /* Build configuration list for PBXNativeTarget "TimelineExplorerTests" */ = {
			isa = XCConfigurationList;
			buildConfigurations = (
				22C00ABF21010CB5004020F0 /* Debug */,
				22C00AC021010CB5004020F0 /* Release */,
			);
			defaultConfigurationIsVisible = 0;
			defaultConfigurationName = Release;
		};
/* End XCConfigurationList section */
	};
	rootObject = 22290BFD2028F9EC000E0573 /* Project object */;
}
